{
  "name": "greed_example",
  "version": "1.0.0",
  "lockfileVersion": 1,
  "requires": true,
  "dependencies": {
    "@yandex-market/greed": {
      "version": "6.5.0",
      "resolved": "https://npm.yandex-team.ru/@yandex-market%2fgreed/-/greed-6.5.0.tgz?rbtorrent=d621e255f5b8e9c80aaeff095057825cdc8a903f",
      "integrity": "sha512-BK5LqLWqJkQTyh71T/3cJ/NPoq/klW0u3zPsSWAGGf1n+61NKYlZjMxAfntxMFRGlPBU7BTgQVeKSzkG/tglww=="
    }
  }
}
