title: CantiUnlock
description: Remove cypress lock
maintainers: dutysearch
sources: /search/mon/canti/tasklets/canti_unlock

tasklet:
  runtime: sandbox
  implementation: CantiUnlock

versions:
  stable: 2857927777
  prestable: 2857416607
  testing: 2717802474

parameters:
  config:
    action_id: test_action_id

attempts: 4

