title: CantiLock
description: Create cypress lock
maintainers: dutysearch
sources: /search/mon/canti/tasklets/canti_lock

tasklet:
  runtime: sandbox
  implementation: CantiLock

versions:
  stable: 2857914877
  prestable: 2857398086
  testing: 2717739701

parameters:
  config:
    path: test
    action_id: test_action_id
    priority: 0

attempts: 4

