mlockdb:
  addrs:
    - mlockdb01.{{ conf.network_name }}
  db: mlockdb
  user: mlock
  sslmode: allow
use_auth: true
grpc:
  addr: "0.0.0.0:30030"
auth:
  addr: fake_iam01.{{ conf.network_name }}:4284
  permission: mdb.internal.mlock
  cloud_id: {{ conf.dynamic.folders.test.cloud_ext_id }}
  folder_id: {{ conf.dynamic.folders.test.folder_ext_id }}
  config:
    security:
      insecure: true
